
Microsoft Visual Studio Solution File, Format Version 12.00
# Visual Studio 15
Project("{FAE04EC0-301F-11D3-BF4B-00C04F79EFBC}") = "Co-op Harmony Sequence", "Co-op Harmony Sequence.csproj", "{BAEE9DC7-7B70-DC8A-C783-36097D1370C0}"
EndProject
Project("{FAE04EC0-301F-11D3-BF4B-00C04F79EFBC}") = "Co-op Harmony Sequence.Editor", "Co-op Harmony Sequence.Editor.csproj", "{8D4723EE-6607-9D85-A701-2252249E19BE}"
EndProject
Global
	GlobalSection(SolutionConfigurationPlatforms) = preSolution
		Debug|Any CPU = Debug|Any CPU
		Release|Any CPU = Release|Any CPU
	EndGlobalSection
	GlobalSection(ProjectConfigurationPlatforms) = postSolution
		{BAEE9DC7-7B70-DC8A-C783-36097D1370C0}.Debug|Any CPU.ActiveCfg = Debug|Any CPU
		{BAEE9DC7-7B70-DC8A-C783-36097D1370C0}.Debug|Any CPU.Build.0 = Debug|Any CPU
		{BAEE9DC7-7B70-DC8A-C783-36097D1370C0}.Release|Any CPU.ActiveCfg = Release|Any CPU
		{BAEE9DC7-7B70-DC8A-C783-36097D1370C0}.Release|Any CPU.Build.0 = Release|Any CPU
		{8D4723EE-6607-9D85-A701-2252249E19BE}.Debug|Any CPU.ActiveCfg = Debug|Any CPU
		{8D4723EE-6607-9D85-A701-2252249E19BE}.Debug|Any CPU.Build.0 = Debug|Any CPU
		{8D4723EE-6607-9D85-A701-2252249E19BE}.Release|Any CPU.ActiveCfg = Release|Any CPU
		{8D4723EE-6607-9D85-A701-2252249E19BE}.Release|Any CPU.Build.0 = Release|Any CPU
	EndGlobalSection
	GlobalSection(SolutionProperties) = preSolution
		HideSolutionNode = FALSE
	EndGlobalSection
EndGlobal
